// !$*UTF8*$!
{
	archiveVersion = 1;
	classes = {
	};
	objectVersion = 77;
	objects = {

/* Begin PBXBuildFile section */
		BC307F182E19294100BFAAD7 /* WidgetKit.framework in Frameworks */ = {isa = PBXBuildFile; fileRef = BC307EF92E1928F800BFAAD7 /* WidgetKit.framework */; };
		BC307F192E19294100BFAAD7 /* SwiftUI.framework in Frameworks */ = {isa = PBXBuildFile; fileRef = BC307EFB2E1928F800BFAAD7 /* SwiftUI.framework */; };
		BC307F282E19294200BFAAD7 /* KanbanWidgetExtension.appex in Embed Foundation Extensions */ = {isa = PBXBuildFile; fileRef = BC307F172E19294100BFAAD7 /* KanbanWidgetExtension.appex */; settings = {ATTRIBUTES = (RemoveHeadersOnCopy, ); }; };
/* End PBXBuildFile section */

/* Begin PBXContainerItemProxy section */
		BC307EC72E1923CE00BFAAD7 /* PBXContainerItemProxy */ = {
			isa = PBXContainerItemProxy;
			containerPortal = BC307EB12E1923CC00BFAAD7 /* Project object */;
			proxyType = 1;
			remoteGlobalIDString = BC307EB82E1923CC00BFAAD7;
			remoteInfo = Kanban;
		};
		BC307ED12E1923CE00BFAAD7 /* PBXContainerItemProxy */ = {
			isa = PBXContainerItemProxy;
			containerPortal = BC307EB12E1923CC00BFAAD7 /* Project object */;
			proxyType = 1;
			remoteGlobalIDString = BC307EB82E1923CC00BFAAD7;
			remoteInfo = Kanban;
		};
		BC307F262E19294200BFAAD7 /* PBXContainerItemProxy */ = {
			isa = PBXContainerItemProxy;
			containerPortal = BC307EB12E1923CC00BFAAD7 /* Project object */;
			proxyType = 1;
			remoteGlobalIDString = BC307F162E19294100BFAAD7;
			remoteInfo = KanbanWidgetExtension;
		};
/* End PBXContainerItemProxy section */

/* Begin PBXCopyFilesBuildPhase section */
		BC307F122E1928FA00BFAAD7 /* Embed Foundation Extensions */ = {
			isa = PBXCopyFilesBuildPhase;
			buildActionMask = 2147483647;
			dstPath = "";
			dstSubfolderSpec = 13;
			files = (
				BC307F282E19294200BFAAD7 /* KanbanWidgetExtension.appex in Embed Foundation Extensions */,
			);
			name = "Embed Foundation Extensions";
			runOnlyForDeploymentPostprocessing = 0;
		};
/* End PBXCopyFilesBuildPhase section */

/* Begin PBXFileReference section */
		BC307EB92E1923CC00BFAAD7 /* Kanban.app */ = {isa = PBXFileReference; explicitFileType = wrapper.application; includeInIndex = 0; path = Kanban.app; sourceTree = BUILT_PRODUCTS_DIR; };
		BC307EC62E1923CE00BFAAD7 /* KanbanTests.xctest */ = {isa = PBXFileReference; explicitFileType = wrapper.cfbundle; includeInIndex = 0; path = KanbanTests.xctest; sourceTree = BUILT_PRODUCTS_DIR; };
		BC307ED02E1923CE00BFAAD7 /* KanbanUITests.xctest */ = {isa = PBXFileReference; explicitFileType = wrapper.cfbundle; includeInIndex = 0; path = KanbanUITests.xctest; sourceTree = BUILT_PRODUCTS_DIR; };
		BC307EF92E1928F800BFAAD7 /* WidgetKit.framework */ = {isa = PBXFileReference; lastKnownFileType = wrapper.framework; name = WidgetKit.framework; path = System/Library/Frameworks/WidgetKit.framework; sourceTree = SDKROOT; };
		BC307EFB2E1928F800BFAAD7 /* SwiftUI.framework */ = {isa = PBXFileReference; lastKnownFileType = wrapper.framework; name = SwiftUI.framework; path = System/Library/Frameworks/SwiftUI.framework; sourceTree = SDKROOT; };
		BC307F172E19294100BFAAD7 /* KanbanWidgetExtension.appex */ = {isa = PBXFileReference; explicitFileType = "wrapper.app-extension"; includeInIndex = 0; path = KanbanWidgetExtension.appex; sourceTree = BUILT_PRODUCTS_DIR; };
		BC307F2D2E19294900BFAAD7 /* KanbanWidgetExtension.entitlements */ = {isa = PBXFileReference; lastKnownFileType = text.plist.entitlements; path = KanbanWidgetExtension.entitlements; sourceTree = "<group>"; };
/* End PBXFileReference section */

/* Begin PBXFileSystemSynchronizedBuildFileExceptionSet section */
		BC307F292E19294200BFAAD7 /* Exceptions for "KanbanWidget" folder in "KanbanWidgetExtension" target */ = {
			isa = PBXFileSystemSynchronizedBuildFileExceptionSet;
			membershipExceptions = (
				Info.plist,
			);
			target = BC307F162E19294100BFAAD7 /* KanbanWidgetExtension */;
		};
/* End PBXFileSystemSynchronizedBuildFileExceptionSet section */

/* Begin PBXFileSystemSynchronizedRootGroup section */
		BC307EBB2E1923CC00BFAAD7 /* Kanban */ = {
			isa = PBXFileSystemSynchronizedRootGroup;
			path = Kanban;
			sourceTree = "<group>";
		};
		BC307EC92E1923CE00BFAAD7 /* KanbanTests */ = {
			isa = PBXFileSystemSynchronizedRootGroup;
			path = KanbanTests;
			sourceTree = "<group>";
		};
		BC307ED32E1923CE00BFAAD7 /* KanbanUITests */ = {
			isa = PBXFileSystemSynchronizedRootGroup;
			path = KanbanUITests;
			sourceTree = "<group>";
		};
		BC307F1A2E19294100BFAAD7 /* KanbanWidget */ = {
			isa = PBXFileSystemSynchronizedRootGroup;
			exceptions = (
				BC307F292E19294200BFAAD7 /* Exceptions for "KanbanWidget" folder in "KanbanWidgetExtension" target */,
			);
			path = KanbanWidget;
			sourceTree = "<group>";
		};
/* End PBXFileSystemSynchronizedRootGroup section */

/* Begin PBXFrameworksBuildPhase section */
		BC307EB62E1923CC00BFAAD7 /* Frameworks */ = {
			isa = PBXFrameworksBuildPhase;
			buildActionMask = 2147483647;
			files = (
			);
			runOnlyForDeploymentPostprocessing = 0;
		};
		BC307EC32E1923CE00BFAAD7 /* Frameworks */ = {
			isa = PBXFrameworksBuildPhase;
			buildActionMask = 2147483647;
			files = (
			);
			runOnlyForDeploymentPostprocessing = 0;
		};
		BC307ECD2E1923CE00BFAAD7 /* Frameworks */ = {
			isa = PBXFrameworksBuildPhase;
			buildActionMask = 2147483647;
			files = (
			);
			runOnlyForDeploymentPostprocessing = 0;
		};
		BC307F142E19294100BFAAD7 /* Frameworks */ = {
			isa = PBXFrameworksBuildPhase;
			buildActionMask = 2147483647;
			files = (
				BC307F192E19294100BFAAD7 /* SwiftUI.framework in Frameworks */,
				BC307F182E19294100BFAAD7 /* WidgetKit.framework in Frameworks */,
			);
			runOnlyForDeploymentPostprocessing = 0;
		};
/* End PBXFrameworksBuildPhase section */

/* Begin PBXGroup section */
		BC307EB02E1923CC00BFAAD7 = {
			isa = PBXGroup;
			children = (
				BC307F2D2E19294900BFAAD7 /* KanbanWidgetExtension.entitlements */,
				BC307EBB2E1923CC00BFAAD7 /* Kanban */,
				BC307EC92E1923CE00BFAAD7 /* KanbanTests */,
				BC307ED32E1923CE00BFAAD7 /* KanbanUITests */,
				BC307F1A2E19294100BFAAD7 /* KanbanWidget */,
				BC307EF82E1928F800BFAAD7 /* Frameworks */,
				BC307EBA2E1923CC00BFAAD7 /* Products */,
			);
			sourceTree = "<group>";
		};
		BC307EBA2E1923CC00BFAAD7 /* Products */ = {
			isa = PBXGroup;
			children = (
				BC307EB92E1923CC00BFAAD7 /* Kanban.app */,
				BC307EC62E1923CE00BFAAD7 /* KanbanTests.xctest */,
				BC307ED02E1923CE00BFAAD7 /* KanbanUITests.xctest */,
				BC307F172E19294100BFAAD7 /* KanbanWidgetExtension.appex */,
			);
			name = Products;
			sourceTree = "<group>";
		};
		BC307EF82E1928F800BFAAD7 /* Frameworks */ = {
			isa = PBXGroup;
			children = (
				BC307EF92E1928F800BFAAD7 /* WidgetKit.framework */,
				BC307EFB2E1928F800BFAAD7 /* SwiftUI.framework */,
			);
			name = Frameworks;
			sourceTree = "<group>";
		};
/* End PBXGroup section */

/* Begin PBXNativeTarget section */
		BC307EB82E1923CC00BFAAD7 /* Kanban */ = {
			isa = PBXNativeTarget;
			buildConfigurationList = BC307EDA2E1923CE00BFAAD7 /* Build configuration list for PBXNativeTarget "Kanban" */;
			buildPhases = (
				BC307EB52E1923CC00BFAAD7 /* Sources */,
				BC307EB62E1923CC00BFAAD7 /* Frameworks */,
				BC307EB72E1923CC00BFAAD7 /* Resources */,
				BC307F122E1928FA00BFAAD7 /* Embed Foundation Extensions */,
			);
			buildRules = (
			);
			dependencies = (
				BC307F272E19294200BFAAD7 /* PBXTargetDependency */,
			);
			fileSystemSynchronizedGroups = (
				BC307EBB2E1923CC00BFAAD7 /* Kanban */,
			);
			name = Kanban;
			packageProductDependencies = (
			);
			productName = Kanban;
			productReference = BC307EB92E1923CC00BFAAD7 /* Kanban.app */;
			productType = "com.apple.product-type.application";
		};
		BC307EC52E1923CE00BFAAD7 /* KanbanTests */ = {
			isa = PBXNativeTarget;
			buildConfigurationList = BC307EDD2E1923CE00BFAAD7 /* Build configuration list for PBXNativeTarget "KanbanTests" */;
			buildPhases = (
				BC307EC22E1923CE00BFAAD7 /* Sources */,
				BC307EC32E1923CE00BFAAD7 /* Frameworks */,
				BC307EC42E1923CE00BFAAD7 /* Resources */,
			);
			buildRules = (
			);
			dependencies = (
				BC307EC82E1923CE00BFAAD7 /* PBXTargetDependency */,
			);
			fileSystemSynchronizedGroups = (
				BC307EC92E1923CE00BFAAD7 /* KanbanTests */,
			);
			name = KanbanTests;
			packageProductDependencies = (
			);
			productName = KanbanTests;
			productReference = BC307EC62E1923CE00BFAAD7 /* KanbanTests.xctest */;
			productType = "com.apple.product-type.bundle.unit-test";
		};
		BC307ECF2E1923CE00BFAAD7 /* KanbanUITests */ = {
			isa = PBXNativeTarget;
			buildConfigurationList = BC307EE02E1923CE00BFAAD7 /* Build configuration list for PBXNativeTarget "KanbanUITests" */;
			buildPhases = (
				BC307ECC2E1923CE00BFAAD7 /* Sources */,
				BC307ECD2E1923CE00BFAAD7 /* Frameworks */,
				BC307ECE2E1923CE00BFAAD7 /* Resources */,
			);
			buildRules = (
			);
			dependencies = (
				BC307ED22E1923CE00BFAAD7 /* PBXTargetDependency */,
			);
			fileSystemSynchronizedGroups = (
				BC307ED32E1923CE00BFAAD7 /* KanbanUITests */,
			);
			name = KanbanUITests;
			packageProductDependencies = (
			);
			productName = KanbanUITests;
			productReference = BC307ED02E1923CE00BFAAD7 /* KanbanUITests.xctest */;
			productType = "com.apple.product-type.bundle.ui-testing";
		};
		BC307F162E19294100BFAAD7 /* KanbanWidgetExtension */ = {
			isa = PBXNativeTarget;
			buildConfigurationList = BC307F2A2E19294200BFAAD7 /* Build configuration list for PBXNativeTarget "KanbanWidgetExtension" */;
			buildPhases = (
				BC307F132E19294100BFAAD7 /* Sources */,
				BC307F142E19294100BFAAD7 /* Frameworks */,
				BC307F152E19294100BFAAD7 /* Resources */,
			);
			buildRules = (
			);
			dependencies = (
			);
			fileSystemSynchronizedGroups = (
				BC307F1A2E19294100BFAAD7 /* KanbanWidget */,
			);
			name = KanbanWidgetExtension;
			packageProductDependencies = (
			);
			productName = KanbanWidgetExtension;
			productReference = BC307F172E19294100BFAAD7 /* KanbanWidgetExtension.appex */;
			productType = "com.apple.product-type.app-extension";
		};
/* End PBXNativeTarget section */

/* Begin PBXProject section */
		BC307EB12E1923CC00BFAAD7 /* Project object */ = {
			isa = PBXProject;
			attributes = {
				BuildIndependentTargetsInParallel = 1;
				LastSwiftUpdateCheck = 1640;
				LastUpgradeCheck = 1640;
				TargetAttributes = {
					BC307EB82E1923CC00BFAAD7 = {
						CreatedOnToolsVersion = 16.4;
					};
					BC307EC52E1923CE00BFAAD7 = {
						CreatedOnToolsVersion = 16.4;
						TestTargetID = BC307EB82E1923CC00BFAAD7;
					};
					BC307ECF2E1923CE00BFAAD7 = {
						CreatedOnToolsVersion = 16.4;
						TestTargetID = BC307EB82E1923CC00BFAAD7;
					};
					BC307F162E19294100BFAAD7 = {
						CreatedOnToolsVersion = 16.4;
					};
				};
			};
			buildConfigurationList = BC307EB42E1923CC00BFAAD7 /* Build configuration list for PBXProject "Kanban" */;
			developmentRegion = en;
			hasScannedForEncodings = 0;
			knownRegions = (
				en,
				Base,
			);
			mainGroup = BC307EB02E1923CC00BFAAD7;
			minimizedProjectReferenceProxies = 1;
			preferredProjectObjectVersion = 77;
			productRefGroup = BC307EBA2E1923CC00BFAAD7 /* Products */;
			projectDirPath = "";
			projectRoot = "";
			targets = (
				BC307EB82E1923CC00BFAAD7 /* Kanban */,
				BC307EC52E1923CE00BFAAD7 /* KanbanTests */,
				BC307ECF2E1923CE00BFAAD7 /* KanbanUITests */,
				BC307F162E19294100BFAAD7 /* KanbanWidgetExtension */,
			);
		};
/* End PBXProject section */

/* Begin PBXResourcesBuildPhase section */
		BC307EB72E1923CC00BFAAD7 /* Resources */ = {
			isa = PBXResourcesBuildPhase;
			buildActionMask = 2147483647;
			files = (
			);
			runOnlyForDeploymentPostprocessing = 0;
		};
		BC307EC42E1923CE00BFAAD7 /* Resources */ = {
			isa = PBXResourcesBuildPhase;
			buildActionMask = 2147483647;
			files = (
			);
			runOnlyForDeploymentPostprocessing = 0;
		};
		BC307ECE2E1923CE00BFAAD7 /* Resources */ = {
			isa = PBXResourcesBuildPhase;
			buildActionMask = 2147483647;
			files = (
			);
			runOnlyForDeploymentPostprocessing = 0;
		};
		BC307F152E19294100BFAAD7 /* Resources */ = {
			isa = PBXResourcesBuildPhase;
			buildActionMask = 2147483647;
			files = (
			);
			runOnlyForDeploymentPostprocessing = 0;
		};
/* End PBXResourcesBuildPhase section */

/* Begin PBXSourcesBuildPhase section */
		BC307EB52E1923CC00BFAAD7 /* Sources */ = {
			isa = PBXSourcesBuildPhase;
			buildActionMask = 2147483647;
			files = (
			);
			runOnlyForDeploymentPostprocessing = 0;
		};
		BC307EC22E1923CE00BFAAD7 /* Sources */ = {
			isa = PBXSourcesBuildPhase;
			buildActionMask = 2147483647;
			files = (
			);
			runOnlyForDeploymentPostprocessing = 0;
		};
		BC307ECC2E1923CE00BFAAD7 /* Sources */ = {
			isa = PBXSourcesBuildPhase;
			buildActionMask = 2147483647;
			files = (
			);
			runOnlyForDeploymentPostprocessing = 0;
		};
		BC307F132E19294100BFAAD7 /* Sources */ = {
			isa = PBXSourcesBuildPhase;
			buildActionMask = 2147483647;
			files = (
			);
			runOnlyForDeploymentPostprocessing = 0;
		};
/* End PBXSourcesBuildPhase section */

/* Begin PBXTargetDependency section */
		BC307EC82E1923CE00BFAAD7 /* PBXTargetDependency */ = {
			isa = PBXTargetDependency;
			target = BC307EB82E1923CC00BFAAD7 /* Kanban */;
			targetProxy = BC307EC72E1923CE00BFAAD7 /* PBXContainerItemProxy */;
		};
		BC307ED22E1923CE00BFAAD7 /* PBXTargetDependency */ = {
			isa = PBXTargetDependency;
			target = BC307EB82E1923CC00BFAAD7 /* Kanban */;
			targetProxy = BC307ED12E1923CE00BFAAD7 /* PBXContainerItemProxy */;
		};
		BC307F272E19294200BFAAD7 /* PBXTargetDependency */ = {
			isa = PBXTargetDependency;
			target = BC307F162E19294100BFAAD7 /* KanbanWidgetExtension */;
			targetProxy = BC307F262E19294200BFAAD7 /* PBXContainerItemProxy */;
		};
/* End PBXTargetDependency section */

/* Begin XCBuildConfiguration section */
		BC307ED82E1923CE00BFAAD7 /* Debug */ = {
			isa = XCBuildConfiguration;
			buildSettings = {
				ALWAYS_SEARCH_USER_PATHS = NO;
				ASSETCATALOG_COMPILER_GENERATE_SWIFT_ASSET_SYMBOL_EXTENSIONS = YES;
				CLANG_ANALYZER_NONNULL = YES;
				CLANG_ANALYZER_NUMBER_OBJECT_CONVERSION = YES_AGGRESSIVE;
				CLANG_CXX_LANGUAGE_STANDARD = "gnu++20";
				CLANG_ENABLE_MODULES = YES;
				CLANG_ENABLE_OBJC_ARC = YES;
				CLANG_ENABLE_OBJC_WEAK = YES;
				CLANG_WARN_BLOCK_CAPTURE_AUTORELEASING = YES;
				CLANG_WARN_BOOL_CONVERSION = YES;
				CLANG_WARN_COMMA = YES;
				CLANG_WARN_CONSTANT_CONVERSION = YES;
				CLANG_WARN_DEPRECATED_OBJC_IMPLEMENTATIONS = YES;
				CLANG_WARN_DIRECT_OBJC_ISA_USAGE = YES_ERROR;
				CLANG_WARN_DOCUMENTATION_COMMENTS = YES;
				CLANG_WARN_EMPTY_BODY = YES;
				CLANG_WARN_ENUM_CONVERSION = YES;
				CLANG_WARN_INFINITE_RECURSION = YES;
				CLANG_WARN_INT_CONVERSION = YES;
				CLANG_WARN_NON_LITERAL_NULL_CONVERSION = YES;
				CLANG_WARN_OBJC_IMPLICIT_RETAIN_SELF = YES;
				CLANG_WARN_OBJC_LITERAL_CONVERSION = YES;
				CLANG_WARN_OBJC_ROOT_CLASS = YES_ERROR;
				CLANG_WARN_QUOTED_INCLUDE_IN_FRAMEWORK_HEADER = YES;
				CLANG_WARN_RANGE_LOOP_ANALYSIS = YES;
				CLANG_WARN_STRICT_PROTOTYPES = YES;
				CLANG_WARN_SUSPICIOUS_MOVE = YES;
				CLANG_WARN_UNGUARDED_AVAILABILITY = YES_AGGRESSIVE;
				CLANG_WARN_UNREACHABLE_CODE = YES;
				CLANG_WARN__DUPLICATE_METHOD_MATCH = YES;
				COPY_PHASE_STRIP = NO;
				DEBUG_INFORMATION_FORMAT = dwarf;
				ENABLE_STRICT_OBJC_MSGSEND = YES;
				ENABLE_TESTABILITY = YES;
				ENABLE_USER_SCRIPT_SANDBOXING = YES;
				GCC_C_LANGUAGE_STANDARD = gnu17;
				GCC_DYNAMIC_NO_PIC = NO;
				GCC_NO_COMMON_BLOCKS = YES;
				GCC_OPTIMIZATION_LEVEL = 0;
				GCC_PREPROCESSOR_DEFINITIONS = (
					"DEBUG=1",
					"$(inherited)",
				);
				GCC_WARN_64_TO_32_BIT_CONVERSION = YES;
				GCC_WARN_ABOUT_RETURN_TYPE = YES_ERROR;
				GCC_WARN_UNDECLARED_SELECTOR = YES;
				GCC_WARN_UNINITIALIZED_AUTOS = YES_AGGRESSIVE;
				GCC_WARN_UNUSED_FUNCTION = YES;
				GCC_WARN_UNUSED_VARIABLE = YES;
				IPHONEOS_DEPLOYMENT_TARGET = 18.5;
				LOCALIZATION_PREFERS_STRING_CATALOGS = YES;
				MTL_ENABLE_DEBUG_INFO = INCLUDE_SOURCE;
				MTL_FAST_MATH = YES;
				ONLY_ACTIVE_ARCH = YES;
				SDKROOT = iphoneos;
				SWIFT_ACTIVE_COMPILATION_CONDITIONS = "DEBUG $(inherited)";
				SWIFT_OPTIMIZATION_LEVEL = "-Onone";
			};
			name = Debug;
		};
		BC307ED92E1923CE00BFAAD7 /* Release */ = {
			isa = XCBuildConfiguration;
			buildSettings = {
				ALWAYS_SEARCH_USER_PATHS = NO;
				ASSETCATALOG_COMPILER_GENERATE_SWIFT_ASSET_SYMBOL_EXTENSIONS = YES;
				CLANG_ANALYZER_NONNULL = YES;
				CLANG_ANALYZER_NUMBER_OBJECT_CONVERSION = YES_AGGRESSIVE;
				CLANG_CXX_LANGUAGE_STANDARD = "gnu++20";
				CLANG_ENABLE_MODULES = YES;
				CLANG_ENABLE_OBJC_ARC = YES;
				CLANG_ENABLE_OBJC_WEAK = YES;
				CLANG_WARN_BLOCK_CAPTURE_AUTORELEASING = YES;
				CLANG_WARN_BOOL_CONVERSION = YES;
				CLANG_WARN_COMMA = YES;
				CLANG_WARN_CONSTANT_CONVERSION = YES;
				CLANG_WARN_DEPRECATED_OBJC_IMPLEMENTATIONS = YES;
				CLANG_WARN_DIRECT_OBJC_ISA_USAGE = YES_ERROR;
				CLANG_WARN_DOCUMENTATION_COMMENTS = YES;
				CLANG_WARN_EMPTY_BODY = YES;
				CLANG_WARN_ENUM_CONVERSION = YES;
				CLANG_WARN_INFINITE_RECURSION = YES;
				CLANG_WARN_INT_CONVERSION = YES;
				CLANG_WARN_NON_LITERAL_NULL_CONVERSION = YES;
				CLANG_WARN_OBJC_IMPLICIT_RETAIN_SELF = YES;
				CLANG_WARN_OBJC_LITERAL_CONVERSION = YES;
				CLANG_WARN_OBJC_ROOT_CLASS = YES_ERROR;
				CLANG_WARN_QUOTED_INCLUDE_IN_FRAMEWORK_HEADER = YES;
				CLANG_WARN_RANGE_LOOP_ANALYSIS = YES;
				CLANG_WARN_STRICT_PROTOTYPES = YES;
				CLANG_WARN_SUSPICIOUS_MOVE = YES;
				CLANG_WARN_UNGUARDED_AVAILABILITY = YES_AGGRESSIVE;
				CLANG_WARN_UNREACHABLE_CODE = YES;
				CLANG_WARN__DUPLICATE_METHOD_MATCH = YES;
				COPY_PHASE_STRIP = NO;
				DEBUG_INFORMATION_FORMAT = "dwarf-with-dsym";
				ENABLE_NS_ASSERTIONS = NO;
				ENABLE_STRICT_OBJC_MSGSEND = YES;
				ENABLE_USER_SCRIPT_SANDBOXING = YES;
				GCC_C_LANGUAGE_STANDARD = gnu17;
				GCC_NO_COMMON_BLOCKS = YES;
				GCC_WARN_64_TO_32_BIT_CONVERSION = YES;
				GCC_WARN_ABOUT_RETURN_TYPE = YES_ERROR;
				GCC_WARN_UNDECLARED_SELECTOR = YES;
				GCC_WARN_UNINITIALIZED_AUTOS = YES_AGGRESSIVE;
				GCC_WARN_UNUSED_FUNCTION = YES;
				GCC_WARN_UNUSED_VARIABLE = YES;
				IPHONEOS_DEPLOYMENT_TARGET = 18.5;
				LOCALIZATION_PREFERS_STRING_CATALOGS = YES;
				MTL_ENABLE_DEBUG_INFO = NO;
				MTL_FAST_MATH = YES;
				SDKROOT = iphoneos;
				SWIFT_COMPILATION_MODE = wholemodule;
				VALIDATE_PRODUCT = YES;
			};
			name = Release;
		};
		BC307EDB2E1923CE00BFAAD7 /* Debug */ = {
			isa = XCBuildConfiguration;
			buildSettings = {
				ASSETCATALOG_COMPILER_APPICON_NAME = AppIcon;
				ASSETCATALOG_COMPILER_GLOBAL_ACCENT_COLOR_NAME = AccentColor;
				CODE_SIGN_ENTITLEMENTS = Kanban/Kanban.entitlements;
				CODE_SIGN_STYLE = Automatic;
				CURRENT_PROJECT_VERSION = 1;
				DEVELOPMENT_TEAM = 4M6PSUH765;
				ENABLE_PREVIEWS = YES;
				GENERATE_INFOPLIST_FILE = YES;
				INFOPLIST_KEY_NSRemindersUsageDescription = "This app needs access to Reminders to sync your Kanban tasks with Apple Reminders.";
				INFOPLIST_KEY_UIApplicationSceneManifest_Generation = YES;
				INFOPLIST_KEY_UIApplicationSupportsIndirectInputEvents = YES;
				INFOPLIST_KEY_UILaunchScreen_Generation = YES;
				INFOPLIST_KEY_UISupportedInterfaceOrientations_iPad = "UIInterfaceOrientationPortrait UIInterfaceOrientationPortraitUpsideDown UIInterfaceOrientationLandscapeLeft UIInterfaceOrientationLandscapeRight";
				INFOPLIST_KEY_UISupportedInterfaceOrientations_iPhone = "UIInterfaceOrientationPortrait UIInterfaceOrientationLandscapeLeft UIInterfaceOrientationLandscapeRight";
				LD_RUNPATH_SEARCH_PATHS = (
					"$(inherited)",
					"@executable_path/Frameworks",
				);
				MARKETING_VERSION = 1.0;
				PRODUCT_BUNDLE_IDENTIFIER = yosys.Kanban;
				PRODUCT_NAME = "$(TARGET_NAME)";
				SWIFT_EMIT_LOC_STRINGS = YES;
				SWIFT_VERSION = 5.0;
				TARGETED_DEVICE_FAMILY = "1,2";
			};
			name = Debug;
		};
		BC307EDC2E1923CE00BFAAD7 /* Release */ = {
			isa = XCBuildConfiguration;
			buildSettings = {
				ASSETCATALOG_COMPILER_APPICON_NAME = AppIcon;
				ASSETCATALOG_COMPILER_GLOBAL_ACCENT_COLOR_NAME = AccentColor;
				CODE_SIGN_ENTITLEMENTS = Kanban/Kanban.entitlements;
				CODE_SIGN_STYLE = Automatic;
				CURRENT_PROJECT_VERSION = 1;
				DEVELOPMENT_TEAM = 4M6PSUH765;
				ENABLE_PREVIEWS = YES;
				GENERATE_INFOPLIST_FILE = YES;
				INFOPLIST_KEY_NSRemindersUsageDescription = "This app needs access to Reminders to sync your Kanban tasks with Apple Reminders.";
				INFOPLIST_KEY_UIApplicationSceneManifest_Generation = YES;
				INFOPLIST_KEY_UIApplicationSupportsIndirectInputEvents = YES;
				INFOPLIST_KEY_UILaunchScreen_Generation = YES;
				INFOPLIST_KEY_UISupportedInterfaceOrientations_iPad = "UIInterfaceOrientationPortrait UIInterfaceOrientationPortraitUpsideDown UIInterfaceOrientationLandscapeLeft UIInterfaceOrientationLandscapeRight";
				INFOPLIST_KEY_UISupportedInterfaceOrientations_iPhone = "UIInterfaceOrientationPortrait UIInterfaceOrientationLandscapeLeft UIInterfaceOrientationLandscapeRight";
				LD_RUNPATH_SEARCH_PATHS = (
					"$(inherited)",
					"@executable_path/Frameworks",
				);
				MARKETING_VERSION = 1.0;
				PRODUCT_BUNDLE_IDENTIFIER = yosys.Kanban;
				PRODUCT_NAME = "$(TARGET_NAME)";
				SWIFT_EMIT_LOC_STRINGS = YES;
				SWIFT_VERSION = 5.0;
				TARGETED_DEVICE_FAMILY = "1,2";
			};
			name = Release;
		};
		BC307EDE2E1923CE00BFAAD7 /* Debug */ = {
			isa = XCBuildConfiguration;
			buildSettings = {
				BUNDLE_LOADER = "$(TEST_HOST)";
				CODE_SIGN_STYLE = Automatic;
				CURRENT_PROJECT_VERSION = 1;
				GENERATE_INFOPLIST_FILE = YES;
				IPHONEOS_DEPLOYMENT_TARGET = 18.5;
				MARKETING_VERSION = 1.0;
				PRODUCT_BUNDLE_IDENTIFIER = yosys.KanbanTests;
				PRODUCT_NAME = "$(TARGET_NAME)";
				SWIFT_EMIT_LOC_STRINGS = NO;
				SWIFT_VERSION = 5.0;
				TARGETED_DEVICE_FAMILY = "1,2";
				TEST_HOST = "$(BUILT_PRODUCTS_DIR)/Kanban.app/$(BUNDLE_EXECUTABLE_FOLDER_PATH)/Kanban";
			};
			name = Debug;
		};
		BC307EDF2E1923CE00BFAAD7 /* Release */ = {
			isa = XCBuildConfiguration;
			buildSettings = {
				BUNDLE_LOADER = "$(TEST_HOST)";
				CODE_SIGN_STYLE = Automatic;
				CURRENT_PROJECT_VERSION = 1;
				GENERATE_INFOPLIST_FILE = YES;
				IPHONEOS_DEPLOYMENT_TARGET = 18.5;
				MARKETING_VERSION = 1.0;
				PRODUCT_BUNDLE_IDENTIFIER = yosys.KanbanTests;
				PRODUCT_NAME = "$(TARGET_NAME)";
				SWIFT_EMIT_LOC_STRINGS = NO;
				SWIFT_VERSION = 5.0;
				TARGETED_DEVICE_FAMILY = "1,2";
				TEST_HOST = "$(BUILT_PRODUCTS_DIR)/Kanban.app/$(BUNDLE_EXECUTABLE_FOLDER_PATH)/Kanban";
			};
			name = Release;
		};
		BC307EE12E1923CE00BFAAD7 /* Debug */ = {
			isa = XCBuildConfiguration;
			buildSettings = {
				CODE_SIGN_STYLE = Automatic;
				CURRENT_PROJECT_VERSION = 1;
				GENERATE_INFOPLIST_FILE = YES;
				MARKETING_VERSION = 1.0;
				PRODUCT_BUNDLE_IDENTIFIER = yosys.KanbanUITests;
				PRODUCT_NAME = "$(TARGET_NAME)";
				SWIFT_EMIT_LOC_STRINGS = NO;
				SWIFT_VERSION = 5.0;
				TARGETED_DEVICE_FAMILY = "1,2";
				TEST_TARGET_NAME = Kanban;
			};
			name = Debug;
		};
		BC307EE22E1923CE00BFAAD7 /* Release */ = {
			isa = XCBuildConfiguration;
			buildSettings = {
				CODE_SIGN_STYLE = Automatic;
				CURRENT_PROJECT_VERSION = 1;
				GENERATE_INFOPLIST_FILE = YES;
				MARKETING_VERSION = 1.0;
				PRODUCT_BUNDLE_IDENTIFIER = yosys.KanbanUITests;
				PRODUCT_NAME = "$(TARGET_NAME)";
				SWIFT_EMIT_LOC_STRINGS = NO;
				SWIFT_VERSION = 5.0;
				TARGETED_DEVICE_FAMILY = "1,2";
				TEST_TARGET_NAME = Kanban;
			};
			name = Release;
		};
		BC307F2B2E19294200BFAAD7 /* Debug */ = {
			isa = XCBuildConfiguration;
			buildSettings = {
				ASSETCATALOG_COMPILER_GLOBAL_ACCENT_COLOR_NAME = AccentColor;
				ASSETCATALOG_COMPILER_WIDGET_BACKGROUND_COLOR_NAME = WidgetBackground;
				CODE_SIGN_ENTITLEMENTS = KanbanWidgetExtension.entitlements;
				CODE_SIGN_STYLE = Automatic;
				CURRENT_PROJECT_VERSION = 1;
				DEVELOPMENT_TEAM = 4M6PSUH765;
				GENERATE_INFOPLIST_FILE = YES;
				INFOPLIST_FILE = KanbanWidget/Info.plist;
				INFOPLIST_KEY_CFBundleDisplayName = KanbanWidget;
				INFOPLIST_KEY_NSHumanReadableCopyright = "";
				LD_RUNPATH_SEARCH_PATHS = (
					"$(inherited)",
					"@executable_path/Frameworks",
					"@executable_path/../../Frameworks",
				);
				MARKETING_VERSION = 1.0;
				PRODUCT_BUNDLE_IDENTIFIER = yosys.Kanban.KanbanWidget;
				PRODUCT_NAME = "$(TARGET_NAME)";
				SKIP_INSTALL = YES;
				SWIFT_EMIT_LOC_STRINGS = YES;
				SWIFT_VERSION = 5.0;
				TARGETED_DEVICE_FAMILY = "1,2";
			};
			name = Debug;
		};
		BC307F2C2E19294200BFAAD7 /* Release */ = {
			isa = XCBuildConfiguration;
			buildSettings = {
				ASSETCATALOG_COMPILER_GLOBAL_ACCENT_COLOR_NAME = AccentColor;
				ASSETCATALOG_COMPILER_WIDGET_BACKGROUND_COLOR_NAME = WidgetBackground;
				CODE_SIGN_ENTITLEMENTS = KanbanWidgetExtension.entitlements;
				CODE_SIGN_STYLE = Automatic;
				CURRENT_PROJECT_VERSION = 1;
				DEVELOPMENT_TEAM = 4M6PSUH765;
				GENERATE_INFOPLIST_FILE = YES;
				INFOPLIST_FILE = KanbanWidget/Info.plist;
				INFOPLIST_KEY_CFBundleDisplayName = KanbanWidget;
				INFOPLIST_KEY_NSHumanReadableCopyright = "";
				LD_RUNPATH_SEARCH_PATHS = (
					"$(inherited)",
					"@executable_path/Frameworks",
					"@executable_path/../../Frameworks",
				);
				MARKETING_VERSION = 1.0;
				PRODUCT_BUNDLE_IDENTIFIER = yosys.Kanban.KanbanWidget;
				PRODUCT_NAME = "$(TARGET_NAME)";
				SKIP_INSTALL = YES;
				SWIFT_EMIT_LOC_STRINGS = YES;
				SWIFT_VERSION = 5.0;
				TARGETED_DEVICE_FAMILY = "1,2";
			};
			name = Release;
		};
/* End XCBuildConfiguration section */

/* Begin XCConfigurationList section */
		BC307EB42E1923CC00BFAAD7 /* Build configuration list for PBXProject "Kanban" */ = {
			isa = XCConfigurationList;
			buildConfigurations = (
				BC307ED82E1923CE00BFAAD7 /* Debug */,
				BC307ED92E1923CE00BFAAD7 /* Release */,
			);
			defaultConfigurationIsVisible = 0;
			defaultConfigurationName = Release;
		};
		BC307EDA2E1923CE00BFAAD7 /* Build configuration list for PBXNativeTarget "Kanban" */ = {
			isa = XCConfigurationList;
			buildConfigurations = (
				BC307EDB2E1923CE00BFAAD7 /* Debug */,
				BC307EDC2E1923CE00BFAAD7 /* Release */,
			);
			defaultConfigurationIsVisible = 0;
			defaultConfigurationName = Release;
		};
		BC307EDD2E1923CE00BFAAD7 /* Build configuration list for PBXNativeTarget "KanbanTests" */ = {
			isa = XCConfigurationList;
			buildConfigurations = (
				BC307EDE2E1923CE00BFAAD7 /* Debug */,
				BC307EDF2E1923CE00BFAAD7 /* Release */,
			);
			defaultConfigurationIsVisible = 0;
			defaultConfigurationName = Release;
		};
		BC307EE02E1923CE00BFAAD7 /* Build configuration list for PBXNativeTarget "KanbanUITests" */ = {
			isa = XCConfigurationList;
			buildConfigurations = (
				BC307EE12E1923CE00BFAAD7 /* Debug */,
				BC307EE22E1923CE00BFAAD7 /* Release */,
			);
			defaultConfigurationIsVisible = 0;
			defaultConfigurationName = Release;
		};
		BC307F2A2E19294200BFAAD7 /* Build configuration list for PBXNativeTarget "KanbanWidgetExtension" */ = {
			isa = XCConfigurationList;
			buildConfigurations = (
				BC307F2B2E19294200BFAAD7 /* Debug */,
				BC307F2C2E19294200BFAAD7 /* Release */,
			);
			defaultConfigurationIsVisible = 0;
			defaultConfigurationName = Release;
		};
/* End XCConfigurationList section */
	};
	rootObject = BC307EB12E1923CC00BFAAD7 /* Project object */;
}
